# This file is automatically @generated by Cargo.
# It is not intended for manual editing.
version = 4

[[package]]
name = "bitflags"
version = "2.13.1"
source = "registry+https://github.com/rust-lang/crates.io-index"
checksum = "b588b76d00fde79687d7646a9b5bdf3cc0f655e0bbd080335a95d7e96f3587da"

[[package]]
name = "slopos-boot"
version = "0.1.0"
dependencies = [
 "slopos-boot-protocol",
 "uefi-raw",
]

[[package]]
name = "slopos-boot-protocol"
version = "0.1.0"

[[package]]
name = "slopos-kernel"
version = "0.1.0"
dependencies = [
 "slopos-boot-protocol",
]

[[package]]
name = "uefi-raw"
version = "0.13.0"
source = "registry+https://github.com/rust-lang/crates.io-index"
checksum = "7f64fe59e11af447d12fd60a403c74106eb104309f34b4c6dbce6e927d97da9d"
dependencies = [
 "bitflags",
 "uguid",
]

[[package]]
name = "uguid"
version = "2.2.1"
source = "registry+https://github.com/rust-lang/crates.io-index"
checksum = "0c8352f8c05e47892e7eaf13b34abd76a7f4aeaf817b716e88789381927f199c"
